PODS:
  - Alamofire (4.9.1)
  - AlamofireImage (3.6.0):
    - Alamofire (~> 4.9)
  - ModuloSuporte (0.1.0):
    - SnapKit
  - SnapKit (5.0.1)

DEPENDENCIES:
  - Alamofire (~> 4.0)
  - AlamofireImage
  - ModuloSuporte (from `https://github.com/bittencourthiago/ModuloSuporte.git`)
  - SnapKit (~> 5.0.0)

SPEC REPOS:
  trunk:
    - Alamofire
    - AlamofireImage
    - SnapKit

EXTERNAL SOURCES:
  ModuloSuporte:
    :git: https://github.com/bittencourthiago/ModuloSuporte.git

CHECKOUT OPTIONS:
  ModuloSuporte:
    :commit: 7f5fd54504f65956bf54766035b351ca0456c885
    :git: https://github.com/bittencourthiago/ModuloSuporte.git

SPEC CHECKSUMS:
  Alamofire: 85e8a02c69d6020a0d734f6054870d7ecb75cf18
  AlamofireImage: be9963c6582d68b39e89191f64c82a7d7bf40fdd
  ModuloSuporte: 78948664f52d919f2f162224059ca61b2f46fa78
  SnapKit: 97b92857e3df3a0c71833cce143274bf6ef8e5eb

PODFILE CHECKSUM: 521bf47728ff5bf3e4653afaf90d091cdc8f4efe

COCOAPODS: 1.10.1
