PODS:
  - Alamofire (4.9.1)
  - SnapKit (5.0.1)
  - TelaDeDetalhes (0.1.0):
    - SnapKit (~> 5.0.0)

DEPENDENCIES:
  - Alamofire (~> 4.0)
  - SnapKit (~> 5.0.0)
  - TelaDeDetalhes (from `https://github.com/bittencourthiago/TelaDeDetalhes.git`)

SPEC REPOS:
  trunk:
    - Alamofire
    - SnapKit

EXTERNAL SOURCES:
  TelaDeDetalhes:
    :git: https://github.com/bittencourthiago/TelaDeDetalhes.git

CHECKOUT OPTIONS:
  TelaDeDetalhes:
    :commit: dad735dadd9380931ee35b7c4f33164732d5393b
    :git: https://github.com/bittencourthiago/TelaDeDetalhes.git

SPEC CHECKSUMS:
  Alamofire: 85e8a02c69d6020a0d734f6054870d7ecb75cf18
  SnapKit: 97b92857e3df3a0c71833cce143274bf6ef8e5eb
  TelaDeDetalhes: 2925fdfd1da7ebdf40707ac96f12355bbf15ebfa

PODFILE CHECKSUM: 3c4ca066b4e798f74bb3f8ae587c74c1bf54ecea

COCOAPODS: 1.10.1
