// !$*UTF8*$!
{
	archiveVersion = 1;
	classes = {
	};
	objectVersion = 50;
	objects = {

/* Begin PBXBuildFile section */
		F017C9F025BAFCE900B1CDF2 /* AppDelegate.swift in Sources */ = {isa = PBXBuildFile; fileRef = F017C9EF25BAFCE900B1CDF2 /* AppDelegate.swift */; };
		F017C9F225BAFCE900B1CDF2 /* SceneDelegate.swift in Sources */ = {isa = PBXBuildFile; fileRef = F017C9F125BAFCE900B1CDF2 /* SceneDelegate.swift */; };
		F017C9F425BAFCE900B1CDF2 /* ViewController.swift in Sources */ = {isa = PBXBuildFile; fileRef = F017C9F325BAFCE900B1CDF2 /* ViewController.swift */; };
		F017C9F725BAFCE900B1CDF2 /* Main.storyboard in Resources */ = {isa = PBXBuildFile; fileRef = F017C9F525BAFCE900B1CDF2 /* Main.storyboard */; };
		F017C9FA25BAFCE900B1CDF2 /* Criptonita.xcdatamodeld in Sources */ = {isa = PBXBuildFile; fileRef = F017C9F825BAFCE900B1CDF2 /* Criptonita.xcdatamodeld */; };
		F017C9FC25BAFCEB00B1CDF2 /* Assets.xcassets in Resources */ = {isa = PBXBuildFile; fileRef = F017C9FB25BAFCEB00B1CDF2 /* Assets.xcassets */; };
		F017C9FF25BAFCEB00B1CDF2 /* LaunchScreen.storyboard in Resources */ = {isa = PBXBuildFile; fileRef = F017C9FD25BAFCEB00B1CDF2 /* LaunchScreen.storyboard */; };
		F017CA0A25BAFCEB00B1CDF2 /* CriptonitaTests.swift in Sources */ = {isa = PBXBuildFile; fileRef = F017CA0925BAFCEB00B1CDF2 /* CriptonitaTests.swift */; };
		F017CA1525BAFCEB00B1CDF2 /* CriptonitaUITests.swift in Sources */ = {isa = PBXBuildFile; fileRef = F017CA1425BAFCEB00B1CDF2 /* CriptonitaUITests.swift */; };
/* End PBXBuildFile section */

/* Begin PBXContainerItemProxy section */
		F017CA0625BAFCEB00B1CDF2 /* PBXContainerItemProxy */ = {
			isa = PBXContainerItemProxy;
			containerPortal = F017C9E425BAFCE900B1CDF2 /* Project object */;
			proxyType = 1;
			remoteGlobalIDString = F017C9EB25BAFCE900B1CDF2;
			remoteInfo = Criptonita;
		};
		F017CA1125BAFCEB00B1CDF2 /* PBXContainerItemProxy */ = {
			isa = PBXContainerItemProxy;
			containerPortal = F017C9E425BAFCE900B1CDF2 /* Project object */;
			proxyType = 1;
			remoteGlobalIDString = F017C9EB25BAFCE900B1CDF2;
			remoteInfo = Criptonita;
		};
/* End PBXContainerItemProxy section */

/* Begin PBXFileReference section */
		F017C9EC25BAFCE900B1CDF2 /* Criptonita.app */ = {isa = PBXFileReference; explicitFileType = wrapper.application; includeInIndex = 0; path = Criptonita.app; sourceTree = BUILT_PRODUCTS_DIR; };
		F017C9EF25BAFCE900B1CDF2 /* AppDelegate.swift */ = {isa = PBXFileReference; lastKnownFileType = sourcecode.swift; path = AppDelegate.swift; sourceTree = "<group>"; };
		F017C9F125BAFCE900B1CDF2 /* SceneDelegate.swift */ = {isa = PBXFileReference; lastKnownFileType = sourcecode.swift; path = SceneDelegate.swift; sourceTree = "<group>"; };
		F017C9F325BAFCE900B1CDF2 /* ViewController.swift */ = {isa = PBXFileReference; lastKnownFileType = sourcecode.swift; path = ViewController.swift; sourceTree = "<group>"; };
		F017C9F625BAFCE900B1CDF2 /* Base */ = {isa = PBXFileReference; lastKnownFileType = file.storyboard; name = Base; path = Base.lproj/Main.storyboard; sourceTree = "<group>"; };
		F017C9F925BAFCE900B1CDF2 /* Criptonita.xcdatamodel */ = {isa = PBXFileReference; lastKnownFileType = wrapper.xcdatamodel; path = Criptonita.xcdatamodel; sourceTree = "<group>"; };
		F017C9FB25BAFCEB00B1CDF2 /* Assets.xcassets */ = {isa = PBXFileReference; lastKnownFileType = folder.assetcatalog; path = Assets.xcassets; sourceTree = "<group>"; };
		F017C9FE25BAFCEB00B1CDF2 /* Base */ = {isa = PBXFileReference; lastKnownFileType = file.storyboard; name = Base; path = Base.lproj/LaunchScreen.storyboard; sourceTree = "<group>"; };
		F017CA0025BAFCEB00B1CDF2 /* Info.plist */ = {isa = PBXFileReference; lastKnownFileType = text.plist.xml; path = Info.plist; sourceTree = "<group>"; };
		F017CA0525BAFCEB00B1CDF2 /* CriptonitaTests.xctest */ = {isa = PBXFileReference; explicitFileType = wrapper.cfbundle; includeInIndex = 0; path = CriptonitaTests.xctest; sourceTree = BUILT_PRODUCTS_DIR; };
		F017CA0925BAFCEB00B1CDF2 /* CriptonitaTests.swift */ = {isa = PBXFileReference; lastKnownFileType = sourcecode.swift; path = CriptonitaTests.swift; sourceTree = "<group>"; };
		F017CA0B25BAFCEB00B1CDF2 /* Info.plist */ = {isa = PBXFileReference; lastKnownFileType = text.plist.xml; path = Info.plist; sourceTree = "<group>"; };
		F017CA1025BAFCEB00B1CDF2 /* CriptonitaUITests.xctest */ = {isa = PBXFileReference; explicitFileType = wrapper.cfbundle; includeInIndex = 0; path = CriptonitaUITests.xctest; sourceTree = BUILT_PRODUCTS_DIR; };
		F017CA1425BAFCEB00B1CDF2 /* CriptonitaUITests.swift */ = {isa = PBXFileReference; lastKnownFileType = sourcecode.swift; path = CriptonitaUITests.swift; sourceTree = "<group>"; };
		F017CA1625BAFCEB00B1CDF2 /* Info.plist */ = {isa = PBXFileReference; lastKnownFileType = text.plist.xml; path = Info.plist; sourceTree = "<group>"; };
/* End PBXFileReference section */

/* Begin PBXFrameworksBuildPhase section */
		F017C9E925BAFCE900B1CDF2 /* Frameworks */ = {
			isa = PBXFrameworksBuildPhase;
			buildActionMask = 2147483647;
			files = (
			);
			runOnlyForDeploymentPostprocessing = 0;
		};
		F017CA0225BAFCEB00B1CDF2 /* Frameworks */ = {
			isa = PBXFrameworksBuildPhase;
			buildActionMask = 2147483647;
			files = (
			);
			runOnlyForDeploymentPostprocessing = 0;
		};
		F017CA0D25BAFCEB00B1CDF2 /* Frameworks */ = {
			isa = PBXFrameworksBuildPhase;
			buildActionMask = 2147483647;
			files = (
			);
			runOnlyForDeploymentPostprocessing = 0;
		};
/* End PBXFrameworksBuildPhase section */

/* Begin PBXGroup section */
		F017C9E325BAFCE900B1CDF2 = {
			isa = PBXGroup;
			children = (
				F017C9EE25BAFCE900B1CDF2 /* Criptonita */,
				F017CA0825BAFCEB00B1CDF2 /* CriptonitaTests */,
				F017CA1325BAFCEB00B1CDF2 /* CriptonitaUITests */,
				F017C9ED25BAFCE900B1CDF2 /* Products */,
			);
			sourceTree = "<group>";
		};
		F017C9ED25BAFCE900B1CDF2 /* Products */ = {
			isa = PBXGroup;
			children = (
				F017C9EC25BAFCE900B1CDF2 /* Criptonita.app */,
				F017CA0525BAFCEB00B1CDF2 /* CriptonitaTests.xctest */,
				F017CA1025BAFCEB00B1CDF2 /* CriptonitaUITests.xctest */,
			);
			name = Products;
			sourceTree = "<group>";
		};
		F017C9EE25BAFCE900B1CDF2 /* Criptonita */ = {
			isa = PBXGroup;
			children = (
				F017C9EF25BAFCE900B1CDF2 /* AppDelegate.swift */,
				F017C9F125BAFCE900B1CDF2 /* SceneDelegate.swift */,
				F017C9F325BAFCE900B1CDF2 /* ViewController.swift */,
				F017C9F525BAFCE900B1CDF2 /* Main.storyboard */,
				F017C9FB25BAFCEB00B1CDF2 /* Assets.xcassets */,
				F017C9FD25BAFCEB00B1CDF2 /* LaunchScreen.storyboard */,
				F017CA0025BAFCEB00B1CDF2 /* Info.plist */,
				F017C9F825BAFCE900B1CDF2 /* Criptonita.xcdatamodeld */,
			);
			path = Criptonita;
			sourceTree = "<group>";
		};
		F017CA0825BAFCEB00B1CDF2 /* CriptonitaTests */ = {
			isa = PBXGroup;
			children = (
				F017CA0925BAFCEB00B1CDF2 /* CriptonitaTests.swift */,
				F017CA0B25BAFCEB00B1CDF2 /* Info.plist */,
			);
			path = CriptonitaTests;
			sourceTree = "<group>";
		};
		F017CA1325BAFCEB00B1CDF2 /* CriptonitaUITests */ = {
			isa = PBXGroup;
			children = (
				F017CA1425BAFCEB00B1CDF2 /* CriptonitaUITests.swift */,
				F017CA1625BAFCEB00B1CDF2 /* Info.plist */,
			);
			path = CriptonitaUITests;
			sourceTree = "<group>";
		};
/* End PBXGroup section */

/* Begin PBXNativeTarget section */
		F017C9EB25BAFCE900B1CDF2 /* Criptonita */ = {
			isa = PBXNativeTarget;
			buildConfigurationList = F017CA1925BAFCEB00B1CDF2 /* Build configuration list for PBXNativeTarget "Criptonita" */;
			buildPhases = (
				F017C9E825BAFCE900B1CDF2 /* Sources */,
				F017C9E925BAFCE900B1CDF2 /* Frameworks */,
				F017C9EA25BAFCE900B1CDF2 /* Resources */,
			);
			buildRules = (
			);
			dependencies = (
			);
			name = Criptonita;
			productName = Criptonita;
			productReference = F017C9EC25BAFCE900B1CDF2 /* Criptonita.app */;
			productType = "com.apple.product-type.application";
		};
		F017CA0425BAFCEB00B1CDF2 /* CriptonitaTests */ = {
			isa = PBXNativeTarget;
			buildConfigurationList = F017CA1C25BAFCEB00B1CDF2 /* Build configuration list for PBXNativeTarget "CriptonitaTests" */;
			buildPhases = (
				F017CA0125BAFCEB00B1CDF2 /* Sources */,
				F017CA0225BAFCEB00B1CDF2 /* Frameworks */,
				F017CA0325BAFCEB00B1CDF2 /* Resources */,
			);
			buildRules = (
			);
			dependencies = (
				F017CA0725BAFCEB00B1CDF2 /* PBXTargetDependency */,
			);
			name = CriptonitaTests;
			productName = CriptonitaTests;
			productReference = F017CA0525BAFCEB00B1CDF2 /* CriptonitaTests.xctest */;
			productType = "com.apple.product-type.bundle.unit-test";
		};
		F017CA0F25BAFCEB00B1CDF2 /* CriptonitaUITests */ = {
			isa = PBXNativeTarget;
			buildConfigurationList = F017CA1F25BAFCEB00B1CDF2 /* Build configuration list for PBXNativeTarget "CriptonitaUITests" */;
			buildPhases = (
				F017CA0C25BAFCEB00B1CDF2 /* Sources */,
				F017CA0D25BAFCEB00B1CDF2 /* Frameworks */,
				F017CA0E25BAFCEB00B1CDF2 /* Resources */,
			);
			buildRules = (
			);
			dependencies = (
				F017CA1225BAFCEB00B1CDF2 /* PBXTargetDependency */,
			);
			name = CriptonitaUITests;
			productName = CriptonitaUITests;
			productReference = F017CA1025BAFCEB00B1CDF2 /* CriptonitaUITests.xctest */;
			productType = "com.apple.product-type.bundle.ui-testing";
		};
/* End PBXNativeTarget section */

/* Begin PBXProject section */
		F017C9E425BAFCE900B1CDF2 /* Project object */ = {
			isa = PBXProject;
			attributes = {
				LastSwiftUpdateCheck = 1230;
				LastUpgradeCheck = 1230;
				TargetAttributes = {
					F017C9EB25BAFCE900B1CDF2 = {
						CreatedOnToolsVersion = 12.3;
					};
					F017CA0425BAFCEB00B1CDF2 = {
						CreatedOnToolsVersion = 12.3;
						TestTargetID = F017C9EB25BAFCE900B1CDF2;
					};
					F017CA0F25BAFCEB00B1CDF2 = {
						CreatedOnToolsVersion = 12.3;
						TestTargetID = F017C9EB25BAFCE900B1CDF2;
					};
				};
			};
			buildConfigurationList = F017C9E725BAFCE900B1CDF2 /* Build configuration list for PBXProject "Criptonita" */;
			compatibilityVersion = "Xcode 9.3";
			developmentRegion = en;
			hasScannedForEncodings = 0;
			knownRegions = (
				en,
				Base,
			);
			mainGroup = F017C9E325BAFCE900B1CDF2;
			productRefGroup = F017C9ED25BAFCE900B1CDF2 /* Products */;
			projectDirPath = "";
			projectRoot = "";
			targets = (
				F017C9EB25BAFCE900B1CDF2 /* Criptonita */,
				F017CA0425BAFCEB00B1CDF2 /* CriptonitaTests */,
				F017CA0F25BAFCEB00B1CDF2 /* CriptonitaUITests */,
			);
		};
/* End PBXProject section */

/* Begin PBXResourcesBuildPhase section */
		F017C9EA25BAFCE900B1CDF2 /* Resources */ = {
			isa = PBXResourcesBuildPhase;
			buildActionMask = 2147483647;
			files = (
				F017C9FF25BAFCEB00B1CDF2 /* LaunchScreen.storyboard in Resources */,
				F017C9FC25BAFCEB00B1CDF2 /* Assets.xcassets in Resources */,
				F017C9F725BAFCE900B1CDF2 /* Main.storyboard in Resources */,
			);
			runOnlyForDeploymentPostprocessing = 0;
		};
		F017CA0325BAFCEB00B1CDF2 /* Resources */ = {
			isa = PBXResourcesBuildPhase;
			buildActionMask = 2147483647;
			files = (
			);
			runOnlyForDeploymentPostprocessing = 0;
		};
		F017CA0E25BAFCEB00B1CDF2 /* Resources */ = {
			isa = PBXResourcesBuildPhase;
			buildActionMask = 2147483647;
			files = (
			);
			runOnlyForDeploymentPostprocessing = 0;
		};
/* End PBXResourcesBuildPhase section */

/* Begin PBXSourcesBuildPhase section */
		F017C9E825BAFCE900B1CDF2 /* Sources */ = {
			isa = PBXSourcesBuildPhase;
			buildActionMask = 2147483647;
			files = (
				F017C9FA25BAFCE900B1CDF2 /* Criptonita.xcdatamodeld in Sources */,
				F017C9F425BAFCE900B1CDF2 /* ViewController.swift in Sources */,
				F017C9F025BAFCE900B1CDF2 /* AppDelegate.swift in Sources */,
				F017C9F225BAFCE900B1CDF2 /* SceneDelegate.swift in Sources */,
			);
			runOnlyForDeploymentPostprocessing = 0;
		};
		F017CA0125BAFCEB00B1CDF2 /* Sources */ = {
			isa = PBXSourcesBuildPhase;
			buildActionMask = 2147483647;
			files = (
				F017CA0A25BAFCEB00B1CDF2 /* CriptonitaTests.swift in Sources */,
			);
			runOnlyForDeploymentPostprocessing = 0;
		};
		F017CA0C25BAFCEB00B1CDF2 /* Sources */ = {
			isa = PBXSourcesBuildPhase;
			buildActionMask = 2147483647;
			files = (
				F017CA1525BAFCEB00B1CDF2 /* CriptonitaUITests.swift in Sources */,
			);
			runOnlyForDeploymentPostprocessing = 0;
		};
/* End PBXSourcesBuildPhase section */

/* Begin PBXTargetDependency section */
		F017CA0725BAFCEB00B1CDF2 /* PBXTargetDependency */ = {
			isa = PBXTargetDependency;
			target = F017C9EB25BAFCE900B1CDF2 /* Criptonita */;
			targetProxy = F017CA0625BAFCEB00B1CDF2 /* PBXContainerItemProxy */;
		};
		F017CA1225BAFCEB00B1CDF2 /* PBXTargetDependency */ = {
			isa = PBXTargetDependency;
			target = F017C9EB25BAFCE900B1CDF2 /* Criptonita */;
			targetProxy = F017CA1125BAFCEB00B1CDF2 /* PBXContainerItemProxy */;
		};
/* End PBXTargetDependency section */

/* Begin PBXVariantGroup section */
		F017C9F525BAFCE900B1CDF2 /* Main.storyboard */ = {
			isa = PBXVariantGroup;
			children = (
				F017C9F625BAFCE900B1CDF2 /* Base */,
			);
			name = Main.storyboard;
			sourceTree = "<group>";
		};
		F017C9FD25BAFCEB00B1CDF2 /* LaunchScreen.storyboard */ = {
			isa = PBXVariantGroup;
			children = (
				F017C9FE25BAFCEB00B1CDF2 /* Base */,
			);
			name = LaunchScreen.storyboard;
			sourceTree = "<group>";
		};
/* End PBXVariantGroup section */

/* Begin XCBuildConfiguration section */
		F017CA1725BAFCEB00B1CDF2 /* Debug */ = {
			isa = XCBuildConfiguration;
			buildSettings = {
				ALWAYS_SEARCH_USER_PATHS = NO;
				CLANG_ANALYZER_NONNULL = YES;
				CLANG_ANALYZER_NUMBER_OBJECT_CONVERSION = YES_AGGRESSIVE;
				CLANG_CXX_LANGUAGE_STANDARD = "gnu++14";
				CLANG_CXX_LIBRARY = "libc++";
				CLANG_ENABLE_MODULES = YES;
				CLANG_ENABLE_OBJC_ARC = YES;
				CLANG_ENABLE_OBJC_WEAK = YES;
				CLANG_WARN_BLOCK_CAPTURE_AUTORELEASING = YES;
				CLANG_WARN_BOOL_CONVERSION = YES;
				CLANG_WARN_COMMA = YES;
				CLANG_WARN_CONSTANT_CONVERSION = YES;
				CLANG_WARN_DEPRECATED_OBJC_IMPLEMENTATIONS = YES;
				CLANG_WARN_DIRECT_OBJC_ISA_USAGE = YES_ERROR;
				CLANG_WARN_DOCUMENTATION_COMMENTS = YES;
				CLANG_WARN_EMPTY_BODY = YES;
				CLANG_WARN_ENUM_CONVERSION = YES;
				CLANG_WARN_INFINITE_RECURSION = YES;
				CLANG_WARN_INT_CONVERSION = YES;
				CLANG_WARN_NON_LITERAL_NULL_CONVERSION = YES;
				CLANG_WARN_OBJC_IMPLICIT_RETAIN_SELF = YES;
				CLANG_WARN_OBJC_LITERAL_CONVERSION = YES;
				CLANG_WARN_OBJC_ROOT_CLASS = YES_ERROR;
				CLANG_WARN_QUOTED_INCLUDE_IN_FRAMEWORK_HEADER = YES;
				CLANG_WARN_RANGE_LOOP_ANALYSIS = YES;
				CLANG_WARN_STRICT_PROTOTYPES = YES;
				CLANG_WARN_SUSPICIOUS_MOVE = YES;
				CLANG_WARN_UNGUARDED_AVAILABILITY = YES_AGGRESSIVE;
				CLANG_WARN_UNREACHABLE_CODE = YES;
				CLANG_WARN__DUPLICATE_METHOD_MATCH = YES;
				COPY_PHASE_STRIP = NO;
				DEBUG_INFORMATION_FORMAT = dwarf;
				ENABLE_STRICT_OBJC_MSGSEND = YES;
				ENABLE_TESTABILITY = YES;
				GCC_C_LANGUAGE_STANDARD = gnu11;
				GCC_DYNAMIC_NO_PIC = NO;
				GCC_NO_COMMON_BLOCKS = YES;
				GCC_OPTIMIZATION_LEVEL = 0;
				GCC_PREPROCESSOR_DEFINITIONS = (
					"DEBUG=1",
					"$(inherited)",
				);
				GCC_WARN_64_TO_32_BIT_CONVERSION = YES;
				GCC_WARN_ABOUT_RETURN_TYPE = YES_ERROR;
				GCC_WARN_UNDECLARED_SELECTOR = YES;
				GCC_WARN_UNINITIALIZED_AUTOS = YES_AGGRESSIVE;
				GCC_WARN_UNUSED_FUNCTION = YES;
				GCC_WARN_UNUSED_VARIABLE = YES;
				IPHONEOS_DEPLOYMENT_TARGET = 14.3;
				MTL_ENABLE_DEBUG_INFO = INCLUDE_SOURCE;
				MTL_FAST_MATH = YES;
				ONLY_ACTIVE_ARCH = YES;
				SDKROOT = iphoneos;
				SWIFT_ACTIVE_COMPILATION_CONDITIONS = DEBUG;
				SWIFT_OPTIMIZATION_LEVEL = "-Onone";
			};
			name = Debug;
		};
		F017CA1825BAFCEB00B1CDF2 /* Release */ = {
			isa = XCBuildConfiguration;
			buildSettings = {
				ALWAYS_SEARCH_USER_PATHS = NO;
				CLANG_ANALYZER_NONNULL = YES;
				CLANG_ANALYZER_NUMBER_OBJECT_CONVERSION = YES_AGGRESSIVE;
				CLANG_CXX_LANGUAGE_STANDARD = "gnu++14";
				CLANG_CXX_LIBRARY = "libc++";
				CLANG_ENABLE_MODULES = YES;
				CLANG_ENABLE_OBJC_ARC = YES;
				CLANG_ENABLE_OBJC_WEAK = YES;
				CLANG_WARN_BLOCK_CAPTURE_AUTORELEASING = YES;
				CLANG_WARN_BOOL_CONVERSION = YES;
				CLANG_WARN_COMMA = YES;
				CLANG_WARN_CONSTANT_CONVERSION = YES;
				CLANG_WARN_DEPRECATED_OBJC_IMPLEMENTATIONS = YES;
				CLANG_WARN_DIRECT_OBJC_ISA_USAGE = YES_ERROR;
				CLANG_WARN_DOCUMENTATION_COMMENTS = YES;
				CLANG_WARN_EMPTY_BODY = YES;
				CLANG_WARN_ENUM_CONVERSION = YES;
				CLANG_WARN_INFINITE_RECURSION = YES;
				CLANG_WARN_INT_CONVERSION = YES;
				CLANG_WARN_NON_LITERAL_NULL_CONVERSION = YES;
				CLANG_WARN_OBJC_IMPLICIT_RETAIN_SELF = YES;
				CLANG_WARN_OBJC_LITERAL_CONVERSION = YES;
				CLANG_WARN_OBJC_ROOT_CLASS = YES_ERROR;
				CLANG_WARN_QUOTED_INCLUDE_IN_FRAMEWORK_HEADER = YES;
				CLANG_WARN_RANGE_LOOP_ANALYSIS = YES;
				CLANG_WARN_STRICT_PROTOTYPES = YES;
				CLANG_WARN_SUSPICIOUS_MOVE = YES;
				CLANG_WARN_UNGUARDED_AVAILABILITY = YES_AGGRESSIVE;
				CLANG_WARN_UNREACHABLE_CODE = YES;
				CLANG_WARN__DUPLICATE_METHOD_MATCH = YES;
				COPY_PHASE_STRIP = NO;
				DEBUG_INFORMATION_FORMAT = "dwarf-with-dsym";
				ENABLE_NS_ASSERTIONS = NO;
				ENABLE_STRICT_OBJC_MSGSEND = YES;
				GCC_C_LANGUAGE_STANDARD = gnu11;
				GCC_NO_COMMON_BLOCKS = YES;
				GCC_WARN_64_TO_32_BIT_CONVERSION = YES;
				GCC_WARN_ABOUT_RETURN_TYPE = YES_ERROR;
				GCC_WARN_UNDECLARED_SELECTOR = YES;
				GCC_WARN_UNINITIALIZED_AUTOS = YES_AGGRESSIVE;
				GCC_WARN_UNUSED_FUNCTION = YES;
				GCC_WARN_UNUSED_VARIABLE = YES;
				IPHONEOS_DEPLOYMENT_TARGET = 14.3;
				MTL_ENABLE_DEBUG_INFO = NO;
				MTL_FAST_MATH = YES;
				SDKROOT = iphoneos;
				SWIFT_COMPILATION_MODE = wholemodule;
				SWIFT_OPTIMIZATION_LEVEL = "-O";
				VALIDATE_PRODUCT = YES;
			};
			name = Release;
		};
		F017CA1A25BAFCEB00B1CDF2 /* Debug */ = {
			isa = XCBuildConfiguration;
			buildSettings = {
				ASSETCATALOG_COMPILER_APPICON_NAME = AppIcon;
				ASSETCATALOG_COMPILER_GLOBAL_ACCENT_COLOR_NAME = AccentColor;
				CODE_SIGN_STYLE = Automatic;
				INFOPLIST_FILE = Criptonita/Info.plist;
				LD_RUNPATH_SEARCH_PATHS = (
					"$(inherited)",
					"@executable_path/Frameworks",
				);
				PRODUCT_BUNDLE_IDENTIFIER = com.eu.Criptonita;
				PRODUCT_NAME = "$(TARGET_NAME)";
				SWIFT_VERSION = 5.0;
				TARGETED_DEVICE_FAMILY = "1,2";
			};
			name = Debug;
		};
		F017CA1B25BAFCEB00B1CDF2 /* Release */ = {
			isa = XCBuildConfiguration;
			buildSettings = {
				ASSETCATALOG_COMPILER_APPICON_NAME = AppIcon;
				ASSETCATALOG_COMPILER_GLOBAL_ACCENT_COLOR_NAME = AccentColor;
				CODE_SIGN_STYLE = Automatic;
				INFOPLIST_FILE = Criptonita/Info.plist;
				LD_RUNPATH_SEARCH_PATHS = (
					"$(inherited)",
					"@executable_path/Frameworks",
				);
				PRODUCT_BUNDLE_IDENTIFIER = com.eu.Criptonita;
				PRODUCT_NAME = "$(TARGET_NAME)";
				SWIFT_VERSION = 5.0;
				TARGETED_DEVICE_FAMILY = "1,2";
			};
			name = Release;
		};
		F017CA1D25BAFCEB00B1CDF2 /* Debug */ = {
			isa = XCBuildConfiguration;
			buildSettings = {
				ALWAYS_EMBED_SWIFT_STANDARD_LIBRARIES = YES;
				BUNDLE_LOADER = "$(TEST_HOST)";
				CODE_SIGN_STYLE = Automatic;
				INFOPLIST_FILE = CriptonitaTests/Info.plist;
				IPHONEOS_DEPLOYMENT_TARGET = 14.3;
				LD_RUNPATH_SEARCH_PATHS = (
					"$(inherited)",
					"@executable_path/Frameworks",
					"@loader_path/Frameworks",
				);
				PRODUCT_BUNDLE_IDENTIFIER = com.eu.CriptonitaTests;
				PRODUCT_NAME = "$(TARGET_NAME)";
				SWIFT_VERSION = 5.0;
				TARGETED_DEVICE_FAMILY = "1,2";
				TEST_HOST = "$(BUILT_PRODUCTS_DIR)/Criptonita.app/Criptonita";
			};
			name = Debug;
		};
		F017CA1E25BAFCEB00B1CDF2 /* Release */ = {
			isa = XCBuildConfiguration;
			buildSettings = {
				ALWAYS_EMBED_SWIFT_STANDARD_LIBRARIES = YES;
				BUNDLE_LOADER = "$(TEST_HOST)";
				CODE_SIGN_STYLE = Automatic;
				INFOPLIST_FILE = CriptonitaTests/Info.plist;
				IPHONEOS_DEPLOYMENT_TARGET = 14.3;
				LD_RUNPATH_SEARCH_PATHS = (
					"$(inherited)",
					"@executable_path/Frameworks",
					"@loader_path/Frameworks",
				);
				PRODUCT_BUNDLE_IDENTIFIER = com.eu.CriptonitaTests;
				PRODUCT_NAME = "$(TARGET_NAME)";
				SWIFT_VERSION = 5.0;
				TARGETED_DEVICE_FAMILY = "1,2";
				TEST_HOST = "$(BUILT_PRODUCTS_DIR)/Criptonita.app/Criptonita";
			};
			name = Release;
		};
		F017CA2025BAFCEB00B1CDF2 /* Debug */ = {
			isa = XCBuildConfiguration;
			buildSettings = {
				ALWAYS_EMBED_SWIFT_STANDARD_LIBRARIES = YES;
				CODE_SIGN_STYLE = Automatic;
				INFOPLIST_FILE = CriptonitaUITests/Info.plist;
				LD_RUNPATH_SEARCH_PATHS = (
					"$(inherited)",
					"@executable_path/Frameworks",
					"@loader_path/Frameworks",
				);
				PRODUCT_BUNDLE_IDENTIFIER = com.eu.CriptonitaUITests;
				PRODUCT_NAME = "$(TARGET_NAME)";
				SWIFT_VERSION = 5.0;
				TARGETED_DEVICE_FAMILY = "1,2";
				TEST_TARGET_NAME = Criptonita;
			};
			name = Debug;
		};
		F017CA2125BAFCEB00B1CDF2 /* Release */ = {
			isa = XCBuildConfiguration;
			buildSettings = {
				ALWAYS_EMBED_SWIFT_STANDARD_LIBRARIES = YES;
				CODE_SIGN_STYLE = Automatic;
				INFOPLIST_FILE = CriptonitaUITests/Info.plist;
				LD_RUNPATH_SEARCH_PATHS = (
					"$(inherited)",
					"@executable_path/Frameworks",
					"@loader_path/Frameworks",
				);
				PRODUCT_BUNDLE_IDENTIFIER = com.eu.CriptonitaUITests;
				PRODUCT_NAME = "$(TARGET_NAME)";
				SWIFT_VERSION = 5.0;
				TARGETED_DEVICE_FAMILY = "1,2";
				TEST_TARGET_NAME = Criptonita;
			};
			name = Release;
		};
/* End XCBuildConfiguration section */

/* Begin XCConfigurationList section */
		F017C9E725BAFCE900B1CDF2 /* Build configuration list for PBXProject "Criptonita" */ = {
			isa = XCConfigurationList;
			buildConfigurations = (
				F017CA1725BAFCEB00B1CDF2 /* Debug */,
				F017CA1825BAFCEB00B1CDF2 /* Release */,
			);
			defaultConfigurationIsVisible = 0;
			defaultConfigurationName = Release;
		};
		F017CA1925BAFCEB00B1CDF2 /* Build configuration list for PBXNativeTarget "Criptonita" */ = {
			isa = XCConfigurationList;
			buildConfigurations = (
				F017CA1A25BAFCEB00B1CDF2 /* Debug */,
				F017CA1B25BAFCEB00B1CDF2 /* Release */,
			);
			defaultConfigurationIsVisible = 0;
			defaultConfigurationName = Release;
		};
		F017CA1C25BAFCEB00B1CDF2 /* Build configuration list for PBXNativeTarget "CriptonitaTests" */ = {
			isa = XCConfigurationList;
			buildConfigurations = (
				F017CA1D25BAFCEB00B1CDF2 /* Debug */,
				F017CA1E25BAFCEB00B1CDF2 /* Release */,
			);
			defaultConfigurationIsVisible = 0;
			defaultConfigurationName = Release;
		};
		F017CA1F25BAFCEB00B1CDF2 /* Build configuration list for PBXNativeTarget "CriptonitaUITests" */ = {
			isa = XCConfigurationList;
			buildConfigurations = (
				F017CA2025BAFCEB00B1CDF2 /* Debug */,
				F017CA2125BAFCEB00B1CDF2 /* Release */,
			);
			defaultConfigurationIsVisible = 0;
			defaultConfigurationName = Release;
		};
/* End XCConfigurationList section */

/* Begin XCVersionGroup section */
		F017C9F825BAFCE900B1CDF2 /* Criptonita.xcdatamodeld */ = {
			isa = XCVersionGroup;
			children = (
				F017C9F925BAFCE900B1CDF2 /* Criptonita.xcdatamodel */,
			);
			currentVersion = F017C9F925BAFCE900B1CDF2 /* Criptonita.xcdatamodel */;
			path = Criptonita.xcdatamodeld;
			sourceTree = "<group>";
			versionGroupType = wrapper.xcdatamodel;
		};
/* End XCVersionGroup section */
	};
	rootObject = F017C9E425BAFCE900B1CDF2 /* Project object */;
}
