// !$*UTF8*$!
{
	archiveVersion = 1;
	classes = {
	};
	objectVersion = 50;
	objects = {

/* Begin PBXBuildFile section */
		F017CA7B25BB0CDD00B1CDF2 /* AppDelegate.swift in Sources */ = {isa = PBXBuildFile; fileRef = F017CA7A25BB0CDD00B1CDF2 /* AppDelegate.swift */; };
		F017CA7D25BB0CDD00B1CDF2 /* SceneDelegate.swift in Sources */ = {isa = PBXBuildFile; fileRef = F017CA7C25BB0CDD00B1CDF2 /* SceneDelegate.swift */; };
		F017CA7F25BB0CDD00B1CDF2 /* ViewController.swift in Sources */ = {isa = PBXBuildFile; fileRef = F017CA7E25BB0CDD00B1CDF2 /* ViewController.swift */; };
		F017CA8225BB0CDD00B1CDF2 /* Main.storyboard in Resources */ = {isa = PBXBuildFile; fileRef = F017CA8025BB0CDD00B1CDF2 /* Main.storyboard */; };
		F017CA8525BB0CDD00B1CDF2 /* Criptonita.xcdatamodeld in Sources */ = {isa = PBXBuildFile; fileRef = F017CA8325BB0CDD00B1CDF2 /* Criptonita.xcdatamodeld */; };
		F017CA8725BB0CDF00B1CDF2 /* Assets.xcassets in Resources */ = {isa = PBXBuildFile; fileRef = F017CA8625BB0CDF00B1CDF2 /* Assets.xcassets */; };
		F017CA8A25BB0CDF00B1CDF2 /* LaunchScreen.storyboard in Resources */ = {isa = PBXBuildFile; fileRef = F017CA8825BB0CDF00B1CDF2 /* LaunchScreen.storyboard */; };
		F017CA9525BB0CE000B1CDF2 /* CriptonitaTests.swift in Sources */ = {isa = PBXBuildFile; fileRef = F017CA9425BB0CE000B1CDF2 /* CriptonitaTests.swift */; };
		F017CAA025BB0CE000B1CDF2 /* CriptonitaUITests.swift in Sources */ = {isa = PBXBuildFile; fileRef = F017CA9F25BB0CE000B1CDF2 /* CriptonitaUITests.swift */; };
/* End PBXBuildFile section */

/* Begin PBXContainerItemProxy section */
		F017CA9125BB0CE000B1CDF2 /* PBXContainerItemProxy */ = {
			isa = PBXContainerItemProxy;
			containerPortal = F017CA6F25BB0CDD00B1CDF2 /* Project object */;
			proxyType = 1;
			remoteGlobalIDString = F017CA7625BB0CDD00B1CDF2;
			remoteInfo = Criptonita;
		};
		F017CA9C25BB0CE000B1CDF2 /* PBXContainerItemProxy */ = {
			isa = PBXContainerItemProxy;
			containerPortal = F017CA6F25BB0CDD00B1CDF2 /* Project object */;
			proxyType = 1;
			remoteGlobalIDString = F017CA7625BB0CDD00B1CDF2;
			remoteInfo = Criptonita;
		};
/* End PBXContainerItemProxy section */

/* Begin PBXFileReference section */
		F017CA7725BB0CDD00B1CDF2 /* Criptonita.app */ = {isa = PBXFileReference; explicitFileType = wrapper.application; includeInIndex = 0; path = Criptonita.app; sourceTree = BUILT_PRODUCTS_DIR; };
		F017CA7A25BB0CDD00B1CDF2 /* AppDelegate.swift */ = {isa = PBXFileReference; lastKnownFileType = sourcecode.swift; path = AppDelegate.swift; sourceTree = "<group>"; };
		F017CA7C25BB0CDD00B1CDF2 /* SceneDelegate.swift */ = {isa = PBXFileReference; lastKnownFileType = sourcecode.swift; path = SceneDelegate.swift; sourceTree = "<group>"; };
		F017CA7E25BB0CDD00B1CDF2 /* ViewController.swift */ = {isa = PBXFileReference; lastKnownFileType = sourcecode.swift; path = ViewController.swift; sourceTree = "<group>"; };
		F017CA8125BB0CDD00B1CDF2 /* Base */ = {isa = PBXFileReference; lastKnownFileType = file.storyboard; name = Base; path = Base.lproj/Main.storyboard; sourceTree = "<group>"; };
		F017CA8425BB0CDD00B1CDF2 /* Criptonita.xcdatamodel */ = {isa = PBXFileReference; lastKnownFileType = wrapper.xcdatamodel; path = Criptonita.xcdatamodel; sourceTree = "<group>"; };
		F017CA8625BB0CDF00B1CDF2 /* Assets.xcassets */ = {isa = PBXFileReference; lastKnownFileType = folder.assetcatalog; path = Assets.xcassets; sourceTree = "<group>"; };
		F017CA8925BB0CDF00B1CDF2 /* Base */ = {isa = PBXFileReference; lastKnownFileType = file.storyboard; name = Base; path = Base.lproj/LaunchScreen.storyboard; sourceTree = "<group>"; };
		F017CA8B25BB0CDF00B1CDF2 /* Info.plist */ = {isa = PBXFileReference; lastKnownFileType = text.plist.xml; path = Info.plist; sourceTree = "<group>"; };
		F017CA9025BB0CE000B1CDF2 /* CriptonitaTests.xctest */ = {isa = PBXFileReference; explicitFileType = wrapper.cfbundle; includeInIndex = 0; path = CriptonitaTests.xctest; sourceTree = BUILT_PRODUCTS_DIR; };
		F017CA9425BB0CE000B1CDF2 /* CriptonitaTests.swift */ = {isa = PBXFileReference; lastKnownFileType = sourcecode.swift; path = CriptonitaTests.swift; sourceTree = "<group>"; };
		F017CA9625BB0CE000B1CDF2 /* Info.plist */ = {isa = PBXFileReference; lastKnownFileType = text.plist.xml; path = Info.plist; sourceTree = "<group>"; };
		F017CA9B25BB0CE000B1CDF2 /* CriptonitaUITests.xctest */ = {isa = PBXFileReference; explicitFileType = wrapper.cfbundle; includeInIndex = 0; path = CriptonitaUITests.xctest; sourceTree = BUILT_PRODUCTS_DIR; };
		F017CA9F25BB0CE000B1CDF2 /* CriptonitaUITests.swift */ = {isa = PBXFileReference; lastKnownFileType = sourcecode.swift; path = CriptonitaUITests.swift; sourceTree = "<group>"; };
		F017CAA125BB0CE000B1CDF2 /* Info.plist */ = {isa = PBXFileReference; lastKnownFileType = text.plist.xml; path = Info.plist; sourceTree = "<group>"; };
/* End PBXFileReference section */

/* Begin PBXFrameworksBuildPhase section */
		F017CA7425BB0CDD00B1CDF2 /* Frameworks */ = {
			isa = PBXFrameworksBuildPhase;
			buildActionMask = 2147483647;
			files = (
			);
			runOnlyForDeploymentPostprocessing = 0;
		};
		F017CA8D25BB0CE000B1CDF2 /* Frameworks */ = {
			isa = PBXFrameworksBuildPhase;
			buildActionMask = 2147483647;
			files = (
			);
			runOnlyForDeploymentPostprocessing = 0;
		};
		F017CA9825BB0CE000B1CDF2 /* Frameworks */ = {
			isa = PBXFrameworksBuildPhase;
			buildActionMask = 2147483647;
			files = (
			);
			runOnlyForDeploymentPostprocessing = 0;
		};
/* End PBXFrameworksBuildPhase section */

/* Begin PBXGroup section */
		F017CA6E25BB0CDD00B1CDF2 = {
			isa = PBXGroup;
			children = (
				F017CA7925BB0CDD00B1CDF2 /* Criptonita */,
				F017CA9325BB0CE000B1CDF2 /* CriptonitaTests */,
				F017CA9E25BB0CE000B1CDF2 /* CriptonitaUITests */,
				F017CA7825BB0CDD00B1CDF2 /* Products */,
			);
			sourceTree = "<group>";
		};
		F017CA7825BB0CDD00B1CDF2 /* Products */ = {
			isa = PBXGroup;
			children = (
				F017CA7725BB0CDD00B1CDF2 /* Criptonita.app */,
				F017CA9025BB0CE000B1CDF2 /* CriptonitaTests.xctest */,
				F017CA9B25BB0CE000B1CDF2 /* CriptonitaUITests.xctest */,
			);
			name = Products;
			sourceTree = "<group>";
		};
		F017CA7925BB0CDD00B1CDF2 /* Criptonita */ = {
			isa = PBXGroup;
			children = (
				F017CAB725BB0D2F00B1CDF2 /* Aplication */,
				F017CAB625BB0D2700B1CDF2 /* Views */,
				F017CAB525BB0D1F00B1CDF2 /* ViewModels */,
				F017CAB425BB0D1800B1CDF2 /* Models */,
				F017CAB325BB0D1100B1CDF2 /* Core */,
				F017CAB125BB0D0400B1CDF2 /* Helper */,
				F017CAB025BB0CEA00B1CDF2 /* Resources */,
				F017CA8025BB0CDD00B1CDF2 /* Main.storyboard */,
				F017CA8625BB0CDF00B1CDF2 /* Assets.xcassets */,
				F017CA8B25BB0CDF00B1CDF2 /* Info.plist */,
				F017CA8325BB0CDD00B1CDF2 /* Criptonita.xcdatamodeld */,
			);
			path = Criptonita;
			sourceTree = "<group>";
		};
		F017CA9325BB0CE000B1CDF2 /* CriptonitaTests */ = {
			isa = PBXGroup;
			children = (
				F017CA9425BB0CE000B1CDF2 /* CriptonitaTests.swift */,
				F017CA9625BB0CE000B1CDF2 /* Info.plist */,
			);
			path = CriptonitaTests;
			sourceTree = "<group>";
		};
		F017CA9E25BB0CE000B1CDF2 /* CriptonitaUITests */ = {
			isa = PBXGroup;
			children = (
				F017CA9F25BB0CE000B1CDF2 /* CriptonitaUITests.swift */,
				F017CAA125BB0CE000B1CDF2 /* Info.plist */,
			);
			path = CriptonitaUITests;
			sourceTree = "<group>";
		};
		F017CAB025BB0CEA00B1CDF2 /* Resources */ = {
			isa = PBXGroup;
			children = (
			);
			path = Resources;
			sourceTree = "<group>";
		};
		F017CAB125BB0D0400B1CDF2 /* Helper */ = {
			isa = PBXGroup;
			children = (
			);
			path = Helper;
			sourceTree = "<group>";
		};
		F017CAB325BB0D1100B1CDF2 /* Core */ = {
			isa = PBXGroup;
			children = (
			);
			path = Core;
			sourceTree = "<group>";
		};
		F017CAB425BB0D1800B1CDF2 /* Models */ = {
			isa = PBXGroup;
			children = (
			);
			path = Models;
			sourceTree = "<group>";
		};
		F017CAB525BB0D1F00B1CDF2 /* ViewModels */ = {
			isa = PBXGroup;
			children = (
			);
			path = ViewModels;
			sourceTree = "<group>";
		};
		F017CAB625BB0D2700B1CDF2 /* Views */ = {
			isa = PBXGroup;
			children = (
				F017CA7E25BB0CDD00B1CDF2 /* ViewController.swift */,
			);
			path = Views;
			sourceTree = "<group>";
		};
		F017CAB725BB0D2F00B1CDF2 /* Aplication */ = {
			isa = PBXGroup;
			children = (
				F017CA7A25BB0CDD00B1CDF2 /* AppDelegate.swift */,
				F017CA7C25BB0CDD00B1CDF2 /* SceneDelegate.swift */,
				F017CA8825BB0CDF00B1CDF2 /* LaunchScreen.storyboard */,
			);
			path = Aplication;
			sourceTree = "<group>";
		};
/* End PBXGroup section */

/* Begin PBXNativeTarget section */
		F017CA7625BB0CDD00B1CDF2 /* Criptonita */ = {
			isa = PBXNativeTarget;
			buildConfigurationList = F017CAA425BB0CE000B1CDF2 /* Build configuration list for PBXNativeTarget "Criptonita" */;
			buildPhases = (
				F017CA7325BB0CDD00B1CDF2 /* Sources */,
				F017CA7425BB0CDD00B1CDF2 /* Frameworks */,
				F017CA7525BB0CDD00B1CDF2 /* Resources */,
			);
			buildRules = (
			);
			dependencies = (
			);
			name = Criptonita;
			productName = Criptonita;
			productReference = F017CA7725BB0CDD00B1CDF2 /* Criptonita.app */;
			productType = "com.apple.product-type.application";
		};
		F017CA8F25BB0CE000B1CDF2 /* CriptonitaTests */ = {
			isa = PBXNativeTarget;
			buildConfigurationList = F017CAA725BB0CE000B1CDF2 /* Build configuration list for PBXNativeTarget "CriptonitaTests" */;
			buildPhases = (
				F017CA8C25BB0CE000B1CDF2 /* Sources */,
				F017CA8D25BB0CE000B1CDF2 /* Frameworks */,
				F017CA8E25BB0CE000B1CDF2 /* Resources */,
			);
			buildRules = (
			);
			dependencies = (
				F017CA9225BB0CE000B1CDF2 /* PBXTargetDependency */,
			);
			name = CriptonitaTests;
			productName = CriptonitaTests;
			productReference = F017CA9025BB0CE000B1CDF2 /* CriptonitaTests.xctest */;
			productType = "com.apple.product-type.bundle.unit-test";
		};
		F017CA9A25BB0CE000B1CDF2 /* CriptonitaUITests */ = {
			isa = PBXNativeTarget;
			buildConfigurationList = F017CAAA25BB0CE000B1CDF2 /* Build configuration list for PBXNativeTarget "CriptonitaUITests" */;
			buildPhases = (
				F017CA9725BB0CE000B1CDF2 /* Sources */,
				F017CA9825BB0CE000B1CDF2 /* Frameworks */,
				F017CA9925BB0CE000B1CDF2 /* Resources */,
			);
			buildRules = (
			);
			dependencies = (
				F017CA9D25BB0CE000B1CDF2 /* PBXTargetDependency */,
			);
			name = CriptonitaUITests;
			productName = CriptonitaUITests;
			productReference = F017CA9B25BB0CE000B1CDF2 /* CriptonitaUITests.xctest */;
			productType = "com.apple.product-type.bundle.ui-testing";
		};
/* End PBXNativeTarget section */

/* Begin PBXProject section */
		F017CA6F25BB0CDD00B1CDF2 /* Project object */ = {
			isa = PBXProject;
			attributes = {
				LastSwiftUpdateCheck = 1230;
				LastUpgradeCheck = 1230;
				TargetAttributes = {
					F017CA7625BB0CDD00B1CDF2 = {
						CreatedOnToolsVersion = 12.3;
					};
					F017CA8F25BB0CE000B1CDF2 = {
						CreatedOnToolsVersion = 12.3;
						TestTargetID = F017CA7625BB0CDD00B1CDF2;
					};
					F017CA9A25BB0CE000B1CDF2 = {
						CreatedOnToolsVersion = 12.3;
						TestTargetID = F017CA7625BB0CDD00B1CDF2;
					};
				};
			};
			buildConfigurationList = F017CA7225BB0CDD00B1CDF2 /* Build configuration list for PBXProject "Criptonita" */;
			compatibilityVersion = "Xcode 9.3";
			developmentRegion = en;
			hasScannedForEncodings = 0;
			knownRegions = (
				en,
				Base,
			);
			mainGroup = F017CA6E25BB0CDD00B1CDF2;
			productRefGroup = F017CA7825BB0CDD00B1CDF2 /* Products */;
			projectDirPath = "";
			projectRoot = "";
			targets = (
				F017CA7625BB0CDD00B1CDF2 /* Criptonita */,
				F017CA8F25BB0CE000B1CDF2 /* CriptonitaTests */,
				F017CA9A25BB0CE000B1CDF2 /* CriptonitaUITests */,
			);
		};
/* End PBXProject section */

/* Begin PBXResourcesBuildPhase section */
		F017CA7525BB0CDD00B1CDF2 /* Resources */ = {
			isa = PBXResourcesBuildPhase;
			buildActionMask = 2147483647;
			files = (
				F017CA8A25BB0CDF00B1CDF2 /* LaunchScreen.storyboard in Resources */,
				F017CA8725BB0CDF00B1CDF2 /* Assets.xcassets in Resources */,
				F017CA8225BB0CDD00B1CDF2 /* Main.storyboard in Resources */,
			);
			runOnlyForDeploymentPostprocessing = 0;
		};
		F017CA8E25BB0CE000B1CDF2 /* Resources */ = {
			isa = PBXResourcesBuildPhase;
			buildActionMask = 2147483647;
			files = (
			);
			runOnlyForDeploymentPostprocessing = 0;
		};
		F017CA9925BB0CE000B1CDF2 /* Resources */ = {
			isa = PBXResourcesBuildPhase;
			buildActionMask = 2147483647;
			files = (
			);
			runOnlyForDeploymentPostprocessing = 0;
		};
/* End PBXResourcesBuildPhase section */

/* Begin PBXSourcesBuildPhase section */
		F017CA7325BB0CDD00B1CDF2 /* Sources */ = {
			isa = PBXSourcesBuildPhase;
			buildActionMask = 2147483647;
			files = (
				F017CA8525BB0CDD00B1CDF2 /* Criptonita.xcdatamodeld in Sources */,
				F017CA7F25BB0CDD00B1CDF2 /* ViewController.swift in Sources */,
				F017CA7B25BB0CDD00B1CDF2 /* AppDelegate.swift in Sources */,
				F017CA7D25BB0CDD00B1CDF2 /* SceneDelegate.swift in Sources */,
			);
			runOnlyForDeploymentPostprocessing = 0;
		};
		F017CA8C25BB0CE000B1CDF2 /* Sources */ = {
			isa = PBXSourcesBuildPhase;
			buildActionMask = 2147483647;
			files = (
				F017CA9525BB0CE000B1CDF2 /* CriptonitaTests.swift in Sources */,
			);
			runOnlyForDeploymentPostprocessing = 0;
		};
		F017CA9725BB0CE000B1CDF2 /* Sources */ = {
			isa = PBXSourcesBuildPhase;
			buildActionMask = 2147483647;
			files = (
				F017CAA025BB0CE000B1CDF2 /* CriptonitaUITests.swift in Sources */,
			);
			runOnlyForDeploymentPostprocessing = 0;
		};
/* End PBXSourcesBuildPhase section */

/* Begin PBXTargetDependency section */
		F017CA9225BB0CE000B1CDF2 /* PBXTargetDependency */ = {
			isa = PBXTargetDependency;
			target = F017CA7625BB0CDD00B1CDF2 /* Criptonita */;
			targetProxy = F017CA9125BB0CE000B1CDF2 /* PBXContainerItemProxy */;
		};
		F017CA9D25BB0CE000B1CDF2 /* PBXTargetDependency */ = {
			isa = PBXTargetDependency;
			target = F017CA7625BB0CDD00B1CDF2 /* Criptonita */;
			targetProxy = F017CA9C25BB0CE000B1CDF2 /* PBXContainerItemProxy */;
		};
/* End PBXTargetDependency section */

/* Begin PBXVariantGroup section */
		F017CA8025BB0CDD00B1CDF2 /* Main.storyboard */ = {
			isa = PBXVariantGroup;
			children = (
				F017CA8125BB0CDD00B1CDF2 /* Base */,
			);
			name = Main.storyboard;
			sourceTree = "<group>";
		};
		F017CA8825BB0CDF00B1CDF2 /* LaunchScreen.storyboard */ = {
			isa = PBXVariantGroup;
			children = (
				F017CA8925BB0CDF00B1CDF2 /* Base */,
			);
			name = LaunchScreen.storyboard;
			sourceTree = "<group>";
		};
/* End PBXVariantGroup section */

/* Begin XCBuildConfiguration section */
		F017CAA225BB0CE000B1CDF2 /* Debug */ = {
			isa = XCBuildConfiguration;
			buildSettings = {
				ALWAYS_SEARCH_USER_PATHS = NO;
				CLANG_ANALYZER_NONNULL = YES;
				CLANG_ANALYZER_NUMBER_OBJECT_CONVERSION = YES_AGGRESSIVE;
				CLANG_CXX_LANGUAGE_STANDARD = "gnu++14";
				CLANG_CXX_LIBRARY = "libc++";
				CLANG_ENABLE_MODULES = YES;
				CLANG_ENABLE_OBJC_ARC = YES;
				CLANG_ENABLE_OBJC_WEAK = YES;
				CLANG_WARN_BLOCK_CAPTURE_AUTORELEASING = YES;
				CLANG_WARN_BOOL_CONVERSION = YES;
				CLANG_WARN_COMMA = YES;
				CLANG_WARN_CONSTANT_CONVERSION = YES;
				CLANG_WARN_DEPRECATED_OBJC_IMPLEMENTATIONS = YES;
				CLANG_WARN_DIRECT_OBJC_ISA_USAGE = YES_ERROR;
				CLANG_WARN_DOCUMENTATION_COMMENTS = YES;
				CLANG_WARN_EMPTY_BODY = YES;
				CLANG_WARN_ENUM_CONVERSION = YES;
				CLANG_WARN_INFINITE_RECURSION = YES;
				CLANG_WARN_INT_CONVERSION = YES;
				CLANG_WARN_NON_LITERAL_NULL_CONVERSION = YES;
				CLANG_WARN_OBJC_IMPLICIT_RETAIN_SELF = YES;
				CLANG_WARN_OBJC_LITERAL_CONVERSION = YES;
				CLANG_WARN_OBJC_ROOT_CLASS = YES_ERROR;
				CLANG_WARN_QUOTED_INCLUDE_IN_FRAMEWORK_HEADER = YES;
				CLANG_WARN_RANGE_LOOP_ANALYSIS = YES;
				CLANG_WARN_STRICT_PROTOTYPES = YES;
				CLANG_WARN_SUSPICIOUS_MOVE = YES;
				CLANG_WARN_UNGUARDED_AVAILABILITY = YES_AGGRESSIVE;
				CLANG_WARN_UNREACHABLE_CODE = YES;
				CLANG_WARN__DUPLICATE_METHOD_MATCH = YES;
				COPY_PHASE_STRIP = NO;
				DEBUG_INFORMATION_FORMAT = dwarf;
				ENABLE_STRICT_OBJC_MSGSEND = YES;
				ENABLE_TESTABILITY = YES;
				GCC_C_LANGUAGE_STANDARD = gnu11;
				GCC_DYNAMIC_NO_PIC = NO;
				GCC_NO_COMMON_BLOCKS = YES;
				GCC_OPTIMIZATION_LEVEL = 0;
				GCC_PREPROCESSOR_DEFINITIONS = (
					"DEBUG=1",
					"$(inherited)",
				);
				GCC_WARN_64_TO_32_BIT_CONVERSION = YES;
				GCC_WARN_ABOUT_RETURN_TYPE = YES_ERROR;
				GCC_WARN_UNDECLARED_SELECTOR = YES;
				GCC_WARN_UNINITIALIZED_AUTOS = YES_AGGRESSIVE;
				GCC_WARN_UNUSED_FUNCTION = YES;
				GCC_WARN_UNUSED_VARIABLE = YES;
				IPHONEOS_DEPLOYMENT_TARGET = 14.3;
				MTL_ENABLE_DEBUG_INFO = INCLUDE_SOURCE;
				MTL_FAST_MATH = YES;
				ONLY_ACTIVE_ARCH = YES;
				SDKROOT = iphoneos;
				SWIFT_ACTIVE_COMPILATION_CONDITIONS = DEBUG;
				SWIFT_OPTIMIZATION_LEVEL = "-Onone";
			};
			name = Debug;
		};
		F017CAA325BB0CE000B1CDF2 /* Release */ = {
			isa = XCBuildConfiguration;
			buildSettings = {
				ALWAYS_SEARCH_USER_PATHS = NO;
				CLANG_ANALYZER_NONNULL = YES;
				CLANG_ANALYZER_NUMBER_OBJECT_CONVERSION = YES_AGGRESSIVE;
				CLANG_CXX_LANGUAGE_STANDARD = "gnu++14";
				CLANG_CXX_LIBRARY = "libc++";
				CLANG_ENABLE_MODULES = YES;
				CLANG_ENABLE_OBJC_ARC = YES;
				CLANG_ENABLE_OBJC_WEAK = YES;
				CLANG_WARN_BLOCK_CAPTURE_AUTORELEASING = YES;
				CLANG_WARN_BOOL_CONVERSION = YES;
				CLANG_WARN_COMMA = YES;
				CLANG_WARN_CONSTANT_CONVERSION = YES;
				CLANG_WARN_DEPRECATED_OBJC_IMPLEMENTATIONS = YES;
				CLANG_WARN_DIRECT_OBJC_ISA_USAGE = YES_ERROR;
				CLANG_WARN_DOCUMENTATION_COMMENTS = YES;
				CLANG_WARN_EMPTY_BODY = YES;
				CLANG_WARN_ENUM_CONVERSION = YES;
				CLANG_WARN_INFINITE_RECURSION = YES;
				CLANG_WARN_INT_CONVERSION = YES;
				CLANG_WARN_NON_LITERAL_NULL_CONVERSION = YES;
				CLANG_WARN_OBJC_IMPLICIT_RETAIN_SELF = YES;
				CLANG_WARN_OBJC_LITERAL_CONVERSION = YES;
				CLANG_WARN_OBJC_ROOT_CLASS = YES_ERROR;
				CLANG_WARN_QUOTED_INCLUDE_IN_FRAMEWORK_HEADER = YES;
				CLANG_WARN_RANGE_LOOP_ANALYSIS = YES;
				CLANG_WARN_STRICT_PROTOTYPES = YES;
				CLANG_WARN_SUSPICIOUS_MOVE = YES;
				CLANG_WARN_UNGUARDED_AVAILABILITY = YES_AGGRESSIVE;
				CLANG_WARN_UNREACHABLE_CODE = YES;
				CLANG_WARN__DUPLICATE_METHOD_MATCH = YES;
				COPY_PHASE_STRIP = NO;
				DEBUG_INFORMATION_FORMAT = "dwarf-with-dsym";
				ENABLE_NS_ASSERTIONS = NO;
				ENABLE_STRICT_OBJC_MSGSEND = YES;
				GCC_C_LANGUAGE_STANDARD = gnu11;
				GCC_NO_COMMON_BLOCKS = YES;
				GCC_WARN_64_TO_32_BIT_CONVERSION = YES;
				GCC_WARN_ABOUT_RETURN_TYPE = YES_ERROR;
				GCC_WARN_UNDECLARED_SELECTOR = YES;
				GCC_WARN_UNINITIALIZED_AUTOS = YES_AGGRESSIVE;
				GCC_WARN_UNUSED_FUNCTION = YES;
				GCC_WARN_UNUSED_VARIABLE = YES;
				IPHONEOS_DEPLOYMENT_TARGET = 14.3;
				MTL_ENABLE_DEBUG_INFO = NO;
				MTL_FAST_MATH = YES;
				SDKROOT = iphoneos;
				SWIFT_COMPILATION_MODE = wholemodule;
				SWIFT_OPTIMIZATION_LEVEL = "-O";
				VALIDATE_PRODUCT = YES;
			};
			name = Release;
		};
		F017CAA525BB0CE000B1CDF2 /* Debug */ = {
			isa = XCBuildConfiguration;
			buildSettings = {
				ASSETCATALOG_COMPILER_APPICON_NAME = AppIcon;
				ASSETCATALOG_COMPILER_GLOBAL_ACCENT_COLOR_NAME = AccentColor;
				CODE_SIGN_STYLE = Automatic;
				INFOPLIST_FILE = Criptonita/Info.plist;
				LD_RUNPATH_SEARCH_PATHS = (
					"$(inherited)",
					"@executable_path/Frameworks",
				);
				PRODUCT_BUNDLE_IDENTIFIER = com.eu.Criptonita;
				PRODUCT_NAME = "$(TARGET_NAME)";
				SWIFT_VERSION = 5.0;
				TARGETED_DEVICE_FAMILY = "1,2";
			};
			name = Debug;
		};
		F017CAA625BB0CE000B1CDF2 /* Release */ = {
			isa = XCBuildConfiguration;
			buildSettings = {
				ASSETCATALOG_COMPILER_APPICON_NAME = AppIcon;
				ASSETCATALOG_COMPILER_GLOBAL_ACCENT_COLOR_NAME = AccentColor;
				CODE_SIGN_STYLE = Automatic;
				INFOPLIST_FILE = Criptonita/Info.plist;
				LD_RUNPATH_SEARCH_PATHS = (
					"$(inherited)",
					"@executable_path/Frameworks",
				);
				PRODUCT_BUNDLE_IDENTIFIER = com.eu.Criptonita;
				PRODUCT_NAME = "$(TARGET_NAME)";
				SWIFT_VERSION = 5.0;
				TARGETED_DEVICE_FAMILY = "1,2";
			};
			name = Release;
		};
		F017CAA825BB0CE000B1CDF2 /* Debug */ = {
			isa = XCBuildConfiguration;
			buildSettings = {
				ALWAYS_EMBED_SWIFT_STANDARD_LIBRARIES = YES;
				BUNDLE_LOADER = "$(TEST_HOST)";
				CODE_SIGN_STYLE = Automatic;
				INFOPLIST_FILE = CriptonitaTests/Info.plist;
				IPHONEOS_DEPLOYMENT_TARGET = 14.3;
				LD_RUNPATH_SEARCH_PATHS = (
					"$(inherited)",
					"@executable_path/Frameworks",
					"@loader_path/Frameworks",
				);
				PRODUCT_BUNDLE_IDENTIFIER = com.eu.CriptonitaTests;
				PRODUCT_NAME = "$(TARGET_NAME)";
				SWIFT_VERSION = 5.0;
				TARGETED_DEVICE_FAMILY = "1,2";
				TEST_HOST = "$(BUILT_PRODUCTS_DIR)/Criptonita.app/Criptonita";
			};
			name = Debug;
		};
		F017CAA925BB0CE000B1CDF2 /* Release */ = {
			isa = XCBuildConfiguration;
			buildSettings = {
				ALWAYS_EMBED_SWIFT_STANDARD_LIBRARIES = YES;
				BUNDLE_LOADER = "$(TEST_HOST)";
				CODE_SIGN_STYLE = Automatic;
				INFOPLIST_FILE = CriptonitaTests/Info.plist;
				IPHONEOS_DEPLOYMENT_TARGET = 14.3;
				LD_RUNPATH_SEARCH_PATHS = (
					"$(inherited)",
					"@executable_path/Frameworks",
					"@loader_path/Frameworks",
				);
				PRODUCT_BUNDLE_IDENTIFIER = com.eu.CriptonitaTests;
				PRODUCT_NAME = "$(TARGET_NAME)";
				SWIFT_VERSION = 5.0;
				TARGETED_DEVICE_FAMILY = "1,2";
				TEST_HOST = "$(BUILT_PRODUCTS_DIR)/Criptonita.app/Criptonita";
			};
			name = Release;
		};
		F017CAAB25BB0CE000B1CDF2 /* Debug */ = {
			isa = XCBuildConfiguration;
			buildSettings = {
				ALWAYS_EMBED_SWIFT_STANDARD_LIBRARIES = YES;
				CODE_SIGN_STYLE = Automatic;
				INFOPLIST_FILE = CriptonitaUITests/Info.plist;
				LD_RUNPATH_SEARCH_PATHS = (
					"$(inherited)",
					"@executable_path/Frameworks",
					"@loader_path/Frameworks",
				);
				PRODUCT_BUNDLE_IDENTIFIER = com.eu.CriptonitaUITests;
				PRODUCT_NAME = "$(TARGET_NAME)";
				SWIFT_VERSION = 5.0;
				TARGETED_DEVICE_FAMILY = "1,2";
				TEST_TARGET_NAME = Criptonita;
			};
			name = Debug;
		};
		F017CAAC25BB0CE000B1CDF2 /* Release */ = {
			isa = XCBuildConfiguration;
			buildSettings = {
				ALWAYS_EMBED_SWIFT_STANDARD_LIBRARIES = YES;
				CODE_SIGN_STYLE = Automatic;
				INFOPLIST_FILE = CriptonitaUITests/Info.plist;
				LD_RUNPATH_SEARCH_PATHS = (
					"$(inherited)",
					"@executable_path/Frameworks",
					"@loader_path/Frameworks",
				);
				PRODUCT_BUNDLE_IDENTIFIER = com.eu.CriptonitaUITests;
				PRODUCT_NAME = "$(TARGET_NAME)";
				SWIFT_VERSION = 5.0;
				TARGETED_DEVICE_FAMILY = "1,2";
				TEST_TARGET_NAME = Criptonita;
			};
			name = Release;
		};
/* End XCBuildConfiguration section */

/* Begin XCConfigurationList section */
		F017CA7225BB0CDD00B1CDF2 /* Build configuration list for PBXProject "Criptonita" */ = {
			isa = XCConfigurationList;
			buildConfigurations = (
				F017CAA225BB0CE000B1CDF2 /* Debug */,
				F017CAA325BB0CE000B1CDF2 /* Release */,
			);
			defaultConfigurationIsVisible = 0;
			defaultConfigurationName = Release;
		};
		F017CAA425BB0CE000B1CDF2 /* Build configuration list for PBXNativeTarget "Criptonita" */ = {
			isa = XCConfigurationList;
			buildConfigurations = (
				F017CAA525BB0CE000B1CDF2 /* Debug */,
				F017CAA625BB0CE000B1CDF2 /* Release */,
			);
			defaultConfigurationIsVisible = 0;
			defaultConfigurationName = Release;
		};
		F017CAA725BB0CE000B1CDF2 /* Build configuration list for PBXNativeTarget "CriptonitaTests" */ = {
			isa = XCConfigurationList;
			buildConfigurations = (
				F017CAA825BB0CE000B1CDF2 /* Debug */,
				F017CAA925BB0CE000B1CDF2 /* Release */,
			);
			defaultConfigurationIsVisible = 0;
			defaultConfigurationName = Release;
		};
		F017CAAA25BB0CE000B1CDF2 /* Build configuration list for PBXNativeTarget "CriptonitaUITests" */ = {
			isa = XCConfigurationList;
			buildConfigurations = (
				F017CAAB25BB0CE000B1CDF2 /* Debug */,
				F017CAAC25BB0CE000B1CDF2 /* Release */,
			);
			defaultConfigurationIsVisible = 0;
			defaultConfigurationName = Release;
		};
/* End XCConfigurationList section */

/* Begin XCVersionGroup section */
		F017CA8325BB0CDD00B1CDF2 /* Criptonita.xcdatamodeld */ = {
			isa = XCVersionGroup;
			children = (
				F017CA8425BB0CDD00B1CDF2 /* Criptonita.xcdatamodel */,
			);
			currentVersion = F017CA8425BB0CDD00B1CDF2 /* Criptonita.xcdatamodel */;
			path = Criptonita.xcdatamodeld;
			sourceTree = "<group>";
			versionGroupType = wrapper.xcdatamodel;
		};
/* End XCVersionGroup section */
	};
	rootObject = F017CA6F25BB0CDD00B1CDF2 /* Project object */;
}
